
Microsoft Visual Studio Solution File, Format Version 12.00
# Visual Studio Version 17
VisualStudioVersion = 17.3.32811.315
MinimumVisualStudioVersion = 10.0.40219.1
Project("{FAE04EC0-301F-11D3-BF4B-00C04F79EFBC}") = "MVCAPIDapper", "MVCAPIDapper\MVCAPIDapper.csproj", "{14C45F62-CBCA-429B-939C-D549C10EA8CF}"
EndProject
Global
	GlobalSection(SolutionConfigurationPlatforms) = preSolution
		Debug|Any CPU = Debug|Any CPU
		Release|Any CPU = Release|Any CPU
	EndGlobalSection
	GlobalSection(ProjectConfigurationPlatforms) = postSolution
		{14C45F62-CBCA-429B-939C-D549C10EA8CF}.Debug|Any CPU.ActiveCfg = Debug|Any CPU
		{14C45F62-CBCA-429B-939C-D549C10EA8CF}.Debug|Any CPU.Build.0 = Debug|Any CPU
		{14C45F62-CBCA-429B-939C-D549C10EA8CF}.Release|Any CPU.ActiveCfg = Release|Any CPU
		{14C45F62-CBCA-429B-939C-D549C10EA8CF}.Release|Any CPU.Build.0 = Release|Any CPU
	EndGlobalSection
	GlobalSection(SolutionProperties) = preSolution
		HideSolutionNode = FALSE
	EndGlobalSection
	GlobalSection(ExtensibilityGlobals) = postSolution
		SolutionGuid = {CD1EC6E1-3867-4D54-820B-360FC70B1E4D}
	EndGlobalSection
EndGlobal
